
Microsoft Visual Studio Solution File, Format Version 12.00
# Visual Studio Version 17
VisualStudioVersion = 17.5.33516.290
MinimumVisualStudioVersion = 10.0.40219.1
Project("{FAE04EC0-301F-11D3-BF4B-00C04F79EFBC}") = "HardCode", "HardCode\HardCode.csproj", "{AB23B057-63D7-4300-ADB7-C424063856E5}"
EndProject
Global
	GlobalSection(SolutionConfigurationPlatforms) = preSolution
		Debug|Any CPU = Debug|Any CPU
		Release|Any CPU = Release|Any CPU
	EndGlobalSection
	GlobalSection(ProjectConfigurationPlatforms) = postSolution
		{AB23B057-63D7-4300-ADB7-C424063856E5}.Debug|Any CPU.ActiveCfg = Debug|Any CPU
		{AB23B057-63D7-4300-ADB7-C424063856E5}.Debug|Any CPU.Build.0 = Debug|Any CPU
		{AB23B057-63D7-4300-ADB7-C424063856E5}.Release|Any CPU.ActiveCfg = Release|Any CPU
		{AB23B057-63D7-4300-ADB7-C424063856E5}.Release|Any CPU.Build.0 = Release|Any CPU
	EndGlobalSection
	GlobalSection(SolutionProperties) = preSolution
		HideSolutionNode = FALSE
	EndGlobalSection
	GlobalSection(ExtensibilityGlobals) = postSolution
		SolutionGuid = {E74E5422-3818-4AD8-8506-7CB15DEFBC3A}
	EndGlobalSection
EndGlobal
